
Microsoft Visual Studio Solution File, Format Version 12.00
# Visual Studio Version 16
VisualStudioVersion = 16.0.30907.101
MinimumVisualStudioVersion = 10.0.40219.1
Project("{FAE04EC0-301F-11D3-BF4B-00C04F79EFBC}") = "DocumentationGenerator", "DocumentationGenerator.csproj", "{2D4F76BA-4793-4196-8AF4-063585709648}"
EndProject
Global
	GlobalSection(SolutionConfigurationPlatforms) = preSolution
		Debug|Any CPU = Debug|Any CPU
		Release|Any CPU = Release|Any CPU
	EndGlobalSection
	GlobalSection(ProjectConfigurationPlatforms) = postSolution
		{2D4F76BA-4793-4196-8AF4-063585709648}.Debug|Any CPU.ActiveCfg = Debug|Any CPU
		{2D4F76BA-4793-4196-8AF4-063585709648}.Debug|Any CPU.Build.0 = Debug|Any CPU
		{2D4F76BA-4793-4196-8AF4-063585709648}.Release|Any CPU.ActiveCfg = Release|Any CPU
		{2D4F76BA-4793-4196-8AF4-063585709648}.Release|Any CPU.Build.0 = Release|Any CPU
	EndGlobalSection
	GlobalSection(SolutionProperties) = preSolution
		HideSolutionNode = FALSE
	EndGlobalSection
	GlobalSection(ExtensibilityGlobals) = postSolution
		SolutionGuid = {9CAF4298-9FAF-4327-BB0A-EABC31C2FFD3}
	EndGlobalSection
EndGlobal
